<Solution>
  <Configurations>
    <Platform Name="Any CPU" />
    <Platform Name="x64" />
    <Platform Name="x86" />
  </Configurations>
  <Project Path="Timer.Backend.Contracts/Timer.Backend.Contracts.csproj" />
  <Project Path="Timer.Backend.Rpc.Contracts/Timer.Backend.Rpc.Contracts.csproj" />
  <Project Path="Timer.Backend.Tests/Timer.Backend.Tests.csproj" />
  <Project Path="Timer.Backend/Timer.Backend.csproj" />
  <Project Path="Timer.RequestManager/Timer.RequestManager.csproj" />
  <Project Path="Timer.RequestManager.Tests/Timer.RequestManager.Tests.csproj" />
  <Project Path="Timer.Shared/Timer.Shared.csproj" />
  <Project Path="Timer.Tests/Timer.Tests.csproj" />
  <Project Path="Timer/Timer.csproj">
    <Platform Solution="*|x64" Project="x64" />
  </Project>
</Solution>
